
Microsoft Visual Studio Solution File, Format Version 12.00
# Visual Studio Version 17
VisualStudioVersion = 17.5.002.0
MinimumVisualStudioVersion = 10.0.40219.1
Project("{9A19103F-16F7-4668-BE54-9A1E7A4F7556}") = "HmlApi", "HmlApi.csproj", "{1880E30C-E0A5-4C68-9AF3-6DDBF238C826}"
EndProject
Global
	GlobalSection(SolutionConfigurationPlatforms) = preSolution
		Debug|Any CPU = Debug|Any CPU
		Release|Any CPU = Release|Any CPU
	EndGlobalSection
	GlobalSection(ProjectConfigurationPlatforms) = postSolution
		{1880E30C-E0A5-4C68-9AF3-6DDBF238C826}.Debug|Any CPU.ActiveCfg = Debug|Any CPU
		{1880E30C-E0A5-4C68-9AF3-6DDBF238C826}.Debug|Any CPU.Build.0 = Debug|Any CPU
		{1880E30C-E0A5-4C68-9AF3-6DDBF238C826}.Release|Any CPU.ActiveCfg = Release|Any CPU
		{1880E30C-E0A5-4C68-9AF3-6DDBF238C826}.Release|Any CPU.Build.0 = Release|Any CPU
	EndGlobalSection
	GlobalSection(SolutionProperties) = preSolution
		HideSolutionNode = FALSE
	EndGlobalSection
	GlobalSection(ExtensibilityGlobals) = postSolution
		SolutionGuid = {CDC85F11-BC61-4D96-9B68-D2F1B02B30B7}
	EndGlobalSection
EndGlobal
